
Microsoft Visual Studio Solution File, Format Version 12.00
# Visual Studio Express 2012 for Windows Desktop
Project("{8BC9CEB8-8B4A-11D0-8D11-00A0C91BC942}") = "Stock-deogi", "Stock-deogi\Stock-deogi.vcxproj", "{3DB11F41-4FD6-4E88-BA3E-412A7432881F}"
EndProject
Global
	GlobalSection(SolutionConfigurationPlatforms) = preSolution
		Debug|Win32 = Debug|Win32
		Release|Win32 = Release|Win32
	EndGlobalSection
	GlobalSection(ProjectConfigurationPlatforms) = postSolution
		{3DB11F41-4FD6-4E88-BA3E-412A7432881F}.Debug|Win32.ActiveCfg = Debug|Win32
		{3DB11F41-4FD6-4E88-BA3E-412A7432881F}.Debug|Win32.Build.0 = Debug|Win32
		{3DB11F41-4FD6-4E88-BA3E-412A7432881F}.Release|Win32.ActiveCfg = Release|Win32
		{3DB11F41-4FD6-4E88-BA3E-412A7432881F}.Release|Win32.Build.0 = Release|Win32
	EndGlobalSection
	GlobalSection(SolutionProperties) = preSolution
		HideSolutionNode = FALSE
	EndGlobalSection
EndGlobal
